lockfileVersion: '6.0'

settings:
  autoInstallPeers: true
  excludeLinksFromLockfile: false

dependencies:
  crypto-js:
    specifier: ^4.1.1
    version: 4.1.1
  lodash:
    specifier: ^4.17.21
    version: 4.17.21
  siyuan_api_cache_lib:
    specifier: ^1.0.7
    version: 1.0.7
  vue:
    specifier: ^3.2.20
    version: 3.2.20

devDependencies:
  '@types/crypto-js':
    specifier: ^4.0.2
    version: 4.0.2
  '@types/lodash':
    specifier: ^4.14.197
    version: 4.14.197
  '@vitejs/plugin-vue':
    specifier: ^1.9.3
    version: 1.9.3(vite@2.6.5)
  naive-ui:
    specifier: ^2.19.5
    version: 2.19.5(vue@3.2.20)
  typescript:
    specifier: ^4.4.3
    version: 4.4.3
  vite:
    specifier: ^2.6.5
    version: 2.6.5
  vue-tsc:
    specifier: ^0.3.0
    version: 0.3.0(typescript@4.4.3)

packages:

  /@babel/helper-validator-identifier@7.15.7:
    resolution: {integrity: sha512-K4JvCtQqad9OY2+yTU8w+E82ywk/fe+ELNlt1G8z3bVGlZfn/hOcQQsUhGhW/N+tb3fxK800wLtKOE/aM0m72w==}
    engines: {node: '>=6.9.0'}

  /@babel/parser@7.15.8:
    resolution: {integrity: sha512-BRYa3wcQnjS/nqI8Ac94pYYpJfojHVvVXJ97+IDCImX4Jc8W8Xv1+47enbruk+q1etOpsQNwnfFcNGw+gtPGxA==}
    engines: {node: '>=6.0.0'}
    hasBin: true
    dependencies:
      '@babel/types': 7.15.6

  /@babel/types@7.15.6:
    resolution: {integrity: sha512-BPU+7QhqNjmWyDO0/vitH/CuhpV8ZmK1wpKva8nuyNF5MJfuRNWMc+hc14+u9xT93kvykMdncrJT19h74uB1Ig==}
    engines: {node: '>=6.9.0'}
    dependencies:
      '@babel/helper-validator-identifier': 7.15.7
      to-fast-properties: 2.0.0

  /@css-render/plugin-bem@0.15.6:
    resolution: {integrity: sha512-tz6PgYyP8CDa30JsaqK8q5MSg8/dICDi8QifzURlrWGIfAcLrToNX7Hum6lAvtD2rNHTKF9g12Hto4NVg/fdZA==}
    dependencies:
      css-render: 0.15.6
    dev: true

  /@css-render/vue3-ssr@0.15.6(vue@3.2.20):
    resolution: {integrity: sha512-aBb5tIezKlM7PycXoek/46oGO3kRg5Y+FgE3RGGKwvv8CAnLhdk5b3UM0LDIRfXdI+vxA/kSgk4pz9f7nDqGjA==}
    peerDependencies:
      vue: ^3.0.11
    dependencies:
      vue: 3.2.20
    dev: true

  /@emmetio/abbreviation@2.2.2:
    resolution: {integrity: sha512-TtE/dBnkTCct8+LntkqVrwqQao6EnPAs1YN3cUgxOxTaBlesBCY37ROUAVZrRlG64GNnVShdl/b70RfAI3w5lw==}
    dependencies:
      '@emmetio/scanner': 1.0.0
    dev: true

  /@emmetio/css-abbreviation@2.1.4:
    resolution: {integrity: sha512-qk9L60Y+uRtM5CPbB0y+QNl/1XKE09mSO+AhhSauIfr2YOx/ta3NJw2d8RtCFxgzHeRqFRr8jgyzThbu+MZ4Uw==}
    dependencies:
      '@emmetio/scanner': 1.0.0
    dev: true

  /@emmetio/scanner@1.0.0:
    resolution: {integrity: sha512-8HqW8EVqjnCmWXVpqAOZf+EGESdkR27odcMMMGefgKXtar00SoYNSryGv//TELI4T3QFsECo78p+0lmalk/CFA==}
    dev: true

  /@emotion/hash@0.8.0:
    resolution: {integrity: sha512-kBJtf7PH6aWwZ6fka3zQ0p6SBYzx4fl1LoZXE2RrnYST9Xljm7WfKJrU4g/Xr3Beg72MLrp1AWNUmuYJTL7Cow==}
    dev: true

  /@jest/types@26.6.2:
    resolution: {integrity: sha512-fC6QCp7Sc5sX6g8Tvbmj4XUTbyrik0akgRy03yjXbQaBWWNWGE7SGtJk98m0N8nzegD/7SggrUlivxo5ax4KWQ==}
    engines: {node: '>= 10.14.2'}
    dependencies:
      '@types/istanbul-lib-coverage': 2.0.3
      '@types/istanbul-reports': 3.0.1
      '@types/node': 16.10.3
      '@types/yargs': 15.0.14
      chalk: 4.1.2
    dev: true

  /@types/crypto-js@4.0.2:
    resolution: {integrity: sha512-sCVniU+h3GcGqxOmng11BRvf9TfN9yIs8KKjB8C8d75W69cpTfZG80gau9yTx5SxF3gvHGbJhdESzzvnjtf3Og==}
    dev: true

  /@types/istanbul-lib-coverage@2.0.3:
    resolution: {integrity: sha512-sz7iLqvVUg1gIedBOvlkxPlc8/uVzyS5OwGz1cKjXzkl3FpL3al0crU8YGU1WoHkxn0Wxbw5tyi6hvzJKNzFsw==}
    dev: true

  /@types/istanbul-lib-report@3.0.0:
    resolution: {integrity: sha512-plGgXAPfVKFoYfa9NpYDAkseG+g6Jr294RqeqcqDixSbU34MZVJRi/P+7Y8GDpzkEwLaGZZOpKIEmeVZNtKsrg==}
    dependencies:
      '@types/istanbul-lib-coverage': 2.0.3
    dev: true

  /@types/istanbul-reports@3.0.1:
    resolution: {integrity: sha512-c3mAZEuK0lvBp8tmuL74XRKn1+y2dcwOUpH7x4WrF6gk1GIgiluDRgMYQtw2OFcBvAJWlt6ASU3tSqxp0Uu0Aw==}
    dependencies:
      '@types/istanbul-lib-report': 3.0.0
    dev: true

  /@types/jest@26.0.24:
    resolution: {integrity: sha512-E/X5Vib8BWqZNRlDxj9vYXhsDwPYbPINqKF9BsnSoon4RQ0D9moEuLD8txgyypFLH7J4+Lho9Nr/c8H0Fi+17w==}
    dependencies:
      jest-diff: 26.6.2
      pretty-format: 26.6.2
    dev: true

  /@types/lodash-es@4.17.5:
    resolution: {integrity: sha512-SHBoI8/0aoMQWAgUHMQ599VM6ZiSKg8sh/0cFqqlQQMyY9uEplc0ULU5yQNzcvdR4ZKa0ey8+vFmahuRbOCT1A==}
    dependencies:
      '@types/lodash': 4.14.197
    dev: true

  /@types/lodash@4.14.197:
    resolution: {integrity: sha512-BMVOiWs0uNxHVlHBgzTIqJYmj+PgCo4euloGF+5m4okL3rEYzM2EEv78mw8zWSMM57dM7kVIgJ2QDvwHSoCI5g==}
    dev: true

  /@types/node@14.14.45:
    resolution: {integrity: sha512-DssMqTV9UnnoxDWu959sDLZzfvqCF0qDNRjaWeYSui9xkFe61kKo4l1TWNTQONpuXEm+gLMRvdlzvNHBamzmEw==}
    dev: true

  /@types/node@14.17.21:
    resolution: {integrity: sha512-zv8ukKci1mrILYiQOwGSV4FpkZhyxQtuFWGya2GujWg+zVAeRQ4qbaMmWp9vb9889CFA8JECH7lkwCL6Ygg8kA==}
    dev: true

  /@types/node@16.10.3:
    resolution: {integrity: sha512-ho3Ruq+fFnBrZhUYI46n/bV2GjwzSkwuT4dTf0GkuNFmnb8nq4ny2z9JEVemFi6bdEJanHLlYfy9c6FN9B9McQ==}
    dev: true

  /@types/yargs-parser@20.2.1:
    resolution: {integrity: sha512-7tFImggNeNBVMsn0vLrpn1H1uPrUBdnARPTpZoitY37ZrdJREzf7I16tMrlK3hen349gr1NYh8CmZQa7CTG6Aw==}
    dev: true

  /@types/yargs@15.0.14:
    resolution: {integrity: sha512-yEJzHoxf6SyQGhBhIYGXQDSCkJjB6HohDShto7m8vaKg9Yp0Yn8+71J9eakh2bnPg6BfsH9PRMhiRTZnd4eXGQ==}
    dependencies:
      '@types/yargs-parser': 20.2.1
    dev: true

  /@vitejs/plugin-vue@1.9.3(vite@2.6.5):
    resolution: {integrity: sha512-yW6H/q+4Mc2PcVjSOelcsMrg/k15DnMUz8jyCFsI04emc3aLwo4AoofUfGnjHUkgirrDxSJLVqQVGhonQ3yykA==}
    engines: {node: '>=12.0.0'}
    peerDependencies:
      vite: ^2.5.10
    dependencies:
      vite: 2.6.5
    dev: true

  /@volar/code-gen@0.27.24:
    resolution: {integrity: sha512-s4j/QqOZUW03PeD6LmVYI00Q1C3CfJEOePDOQwDvCTUov4lFk0iSBtFyYhjlLyQ1pdtV1+TDTErkj2aMQtc4PA==}
    dependencies:
      '@volar/shared': 0.27.24
      '@volar/source-map': 0.27.24
    dev: true

  /@volar/html2pug@0.27.13:
    resolution: {integrity: sha512-3NYgNA5F3PDsKbbpOrVdGy2S7ZYmZIbFmbp1A/27DDzjj/uIC9Pj7HXVvbYOzi8HcOxUPt0BMrh4TVzBUaCFww==}
    dependencies:
      domelementtype: 2.2.0
      domhandler: 4.2.2
      htmlparser2: 6.1.0
      pug: 3.0.2
    dev: true

  /@volar/shared@0.27.24:
    resolution: {integrity: sha512-Mi8a4GQaiorfb+o4EqOXDZm9E/uBJXgScFgF+NhtcMBOUKHNMKQyLI7YRGumtyJTTdaX7nSDJjGGTkv23tcOtQ==}
    dependencies:
      upath: 2.0.1
      vscode-jsonrpc: 8.0.0-next.3
      vscode-uri: 3.0.2
    dev: true

  /@volar/source-map@0.27.24:
    resolution: {integrity: sha512-2I5a7cXqekZ66D6lHep7ttJgvVVtPEBUIe1hnpcGbnXWNA2ya6f6jKNNyTmrXQyfkh32IEuaUd4kocR+3AKMag==}
    dependencies:
      '@volar/shared': 0.27.24
    dev: true

  /@volar/transforms@0.27.24:
    resolution: {integrity: sha512-sOHi1ZSapFlxn7yPl4MO5TXd9aWC0BVq2CgXAJ2EESb+ddh2uJbGQgLLNocX+MDh419cUuuFT2QAJpuWHhJcng==}
    dependencies:
      '@volar/shared': 0.27.24
      vscode-languageserver: 8.0.0-next.3
    dev: true

  /@vscode/emmet-helper@2.8.1:
    resolution: {integrity: sha512-4aVKk7sjtNPLKqVq5Td1EgtB+4kE/enExA4RUpYmVVKawqusRemZ+LzzzBxxnHRTOrIBermY8kXQsqjutDPyYQ==}
    dependencies:
      emmet: 2.3.4
      jsonc-parser: 2.3.1
      vscode-languageserver-textdocument: 1.0.2
      vscode-languageserver-types: 3.16.0
      vscode-nls: 5.0.0
      vscode-uri: 2.1.2
    dev: true

  /@vue/compiler-core@3.2.20:
    resolution: {integrity: sha512-vcEXlKXoPwBXFP5aUTHN9GTZaDfwCofa9Yu9bbW2C5O/QSa9Esdt7OG4+0RRd3EHEMxUvEdj4RZrd/KpQeiJbA==}
    dependencies:
      '@babel/parser': 7.15.8
      '@vue/shared': 3.2.20
      estree-walker: 2.0.2
      source-map: 0.6.1

  /@vue/compiler-dom@3.2.20:
    resolution: {integrity: sha512-QnI77ec/JtV7R0YBbcVayYTDCRcI9OCbxiUQK6izVyqQO0658n0zQuoNwe+bYgtqnvGAIqTR3FShTd5y4oOjdg==}
    dependencies:
      '@vue/compiler-core': 3.2.20
      '@vue/shared': 3.2.20

  /@vue/compiler-sfc@3.2.20:
    resolution: {integrity: sha512-03aZo+6tQKiFLfunHKSPZvdK4Jsn/ftRCyaro8AQIWkuxJbvSosbKK6HTTn+D2c3nPScG155akJoxKENw7rftQ==}
    dependencies:
      '@babel/parser': 7.15.8
      '@vue/compiler-core': 3.2.20
      '@vue/compiler-dom': 3.2.20
      '@vue/compiler-ssr': 3.2.20
      '@vue/ref-transform': 3.2.20
      '@vue/shared': 3.2.20
      estree-walker: 2.0.2
      magic-string: 0.25.7
      postcss: 8.3.9
      source-map: 0.6.1

  /@vue/compiler-ssr@3.2.20:
    resolution: {integrity: sha512-rzzVVYivm+EjbfiGQvNeyiYZWzr6Hkej97RZLZvcumacQlnKv9176Xo9rRyeWwFbBlxmtNdrVMslRXtipMXk2w==}
    dependencies:
      '@vue/compiler-dom': 3.2.20
      '@vue/shared': 3.2.20

  /@vue/reactivity@3.2.20:
    resolution: {integrity: sha512-nSmoLojUTk+H8HNTAkrUduB4+yIUBK2HPihJo2uXVSH4Spry6oqN6lFzE5zpLK+F27Sja+UqR9R1+/kIOsHV5w==}
    dependencies:
      '@vue/shared': 3.2.20

  /@vue/ref-transform@3.2.20:
    resolution: {integrity: sha512-Y42d3PGlYZ1lXcF3dbd3+qU/C/a3wYEZ949fyOI5ptzkjDWlkfU6vn74fmOjsLjEcjs10BXK2qO99FqQIK2r1Q==}
    dependencies:
      '@babel/parser': 7.15.8
      '@vue/compiler-core': 3.2.20
      '@vue/shared': 3.2.20
      estree-walker: 2.0.2
      magic-string: 0.25.7

  /@vue/runtime-core@3.2.20:
    resolution: {integrity: sha512-d1xfUGhZPfiZzAN7SatStD4vRtT8deJSXib2+Cz3x0brjMWKxe32asQc154FF1E2fFgMCHtnfd4A90bQEzV4GQ==}
    dependencies:
      '@vue/reactivity': 3.2.20
      '@vue/shared': 3.2.20

  /@vue/runtime-dom@3.2.20:
    resolution: {integrity: sha512-4TCvZMLhESWCFHFYgqN4QmMA/onnINAlUovhopjlS8ST27G1A8Z0tyxPzLoXLa+b5JrOpbMPheEMPvdKExTJig==}
    dependencies:
      '@vue/runtime-core': 3.2.20
      '@vue/shared': 3.2.20
      csstype: 2.6.18

  /@vue/server-renderer@3.2.20(vue@3.2.20):
    resolution: {integrity: sha512-viIbZGep9XabnrRcaxWIi00cOh1x21QYm2upIL5W0zqzTJ54VdTzpI+zi1osNp+VfRQDTHpV2U7H3Kn4ljYJvg==}
    peerDependencies:
      vue: 3.2.20
    dependencies:
      '@vue/compiler-ssr': 3.2.20
      '@vue/shared': 3.2.20
      vue: 3.2.20

  /@vue/shared@3.2.20:
    resolution: {integrity: sha512-FbpX+hD5BvXCQerEYO7jtAGHlhAkhTQ4KIV73kmLWNlawWhTiVuQxizgVb0BOkX5oG9cIRZ42EG++d/k/Efp0w==}

  /acorn@7.4.1:
    resolution: {integrity: sha512-nQyp0o1/mNdbTO1PO6kHkwSrmgZ0MT/jCCpNiwbUjGoRN4dlBhqJtoQuCnEOKzgTVwg0ZWiCoQy6SxMebQVh8A==}
    engines: {node: '>=0.4.0'}
    hasBin: true
    dev: true

  /ansi-regex@5.0.1:
    resolution: {integrity: sha512-quJQXlTSUGL2LH9SUXo8VwsY4soanhgo6LNSm84E1LBcE8s3O0wpdiRzyR9z/ZZJMlMWv37qOOb9pdJlMUEKFQ==}
    engines: {node: '>=8'}
    dev: true

  /ansi-styles@4.3.0:
    resolution: {integrity: sha512-zbB9rCJAT1rbjiVDb2hqKFHNYLxgtk8NURxZ3IZwD3F6NtxbXZQCnnSi1Lkx+IDohdPlFp222wVALIheZJQSEg==}
    engines: {node: '>=8'}
    dependencies:
      color-convert: 2.0.1
    dev: true

  /asap@2.0.6:
    resolution: {integrity: sha1-5QNHYR1+aQlDIIu9r+vLwvuGbUY=}
    dev: true

  /assert-never@1.2.1:
    resolution: {integrity: sha512-TaTivMB6pYI1kXwrFlEhLeGfOqoDNdTxjCdwRfFFkEA30Eu+k48W34nlok2EYWJfFFzqaEmichdNM7th6M5HNw==}
    dev: true

  /async-validator@4.0.3:
    resolution: {integrity: sha512-LVoIbJNHPKsO7FMLamo88uxdrvayGkF3vLTMTeiN3CqAbP3qSafLRc6yx3Sq9lHkiEOLNpoA2jwwnfGDdu1SMQ==}
    dev: true

  /babel-walk@3.0.0-canary-5:
    resolution: {integrity: sha512-GAwkz0AihzY5bkwIY5QDR+LvsRQgB/B+1foMPvi0FZPMl5fjD7ICiznUiBdLYMH1QYe6vqu4gWYytZOccLouFw==}
    engines: {node: '>= 10.0.0'}
    dependencies:
      '@babel/types': 7.15.6
    dev: true

  /call-bind@1.0.2:
    resolution: {integrity: sha512-7O+FbCihrB5WGbFYesctwmTKae6rOiIzmz1icreWJ+0aA7LJfuqhEso2T9ncpcFtzMQtzXf2QGGueWJGTYsqrA==}
    dependencies:
      function-bind: 1.1.1
      get-intrinsic: 1.1.1
    dev: true

  /chalk@4.1.2:
    resolution: {integrity: sha512-oKnbhFyRIXpUuez8iBMmyEa4nbj4IOQyuhc/wy9kY7/WVPcwIO9VA668Pu8RkO7+0G76SLROeyw9CpQ061i4mA==}
    engines: {node: '>=10'}
    dependencies:
      ansi-styles: 4.3.0
      supports-color: 7.2.0
    dev: true

  /character-parser@2.2.0:
    resolution: {integrity: sha1-x84o821LzZdE5f/CxfzeHHMmH8A=}
    dependencies:
      is-regex: 1.1.4
    dev: true

  /color-convert@2.0.1:
    resolution: {integrity: sha512-RRECPsj7iu/xb5oKYcsFHSppFNnsj/52OVTRKb4zP5onXwVF3zVmmToNcOfGC+CRDpfK/U584fMg38ZHCaElKQ==}
    engines: {node: '>=7.0.0'}
    dependencies:
      color-name: 1.1.4
    dev: true

  /color-name@1.1.4:
    resolution: {integrity: sha512-dOy+3AuW3a2wNbZHIuMZpTcgjGuLU/uBL/ubcZF9OXbDo8ff4O8yVp5Bf0efS8uEoYo5q4Fx7dY9OgQGXgAsQA==}
    dev: true

  /constantinople@4.0.1:
    resolution: {integrity: sha512-vCrqcSIq4//Gx74TXXCGnHpulY1dskqLTFGDmhrGxzeXL8lF8kvXv6mpNWlJj1uD4DW23D4ljAqbY4RRaaUZIw==}
    dependencies:
      '@babel/parser': 7.15.8
      '@babel/types': 7.15.6
    dev: true

  /crypto-js@4.1.1:
    resolution: {integrity: sha512-o2JlM7ydqd3Qk9CA0L4NL6mTzU2sdx96a+oOfPu8Mkl/PK51vSyoi8/rQ8NknZtk44vq15lmhAj9CIAGwgeWKw==}
    dev: false

  /css-render@0.15.6:
    resolution: {integrity: sha512-YTfTgDtR+BIqtVWRTkzjQ8RROp1IbZsm1ihzO8FUw2LMi76TaFRBchy2VEyU7ltdvjQs+W0a4YRPqdntU21kig==}
    dependencies:
      '@emotion/hash': 0.8.0
      '@types/node': 14.14.45
      csstype: 3.0.9
    dev: true

  /csstype@2.6.18:
    resolution: {integrity: sha512-RSU6Hyeg14am3Ah4VZEmeX8H7kLwEEirXe6aU2IPfKNvhXwTflK5HQRDNI0ypQXoqmm+QPyG2IaPuQE5zMwSIQ==}

  /csstype@3.0.9:
    resolution: {integrity: sha512-rpw6JPxK6Rfg1zLOYCSwle2GFOOsnjmDYDaBwEcwoOg4qlsIVCN789VkBZDJAGi4T07gI4YSutR43t9Zz4Lzuw==}
    dev: true

  /date-fns-tz@1.1.6(date-fns@2.25.0):
    resolution: {integrity: sha512-nyy+URfFI3KUY7udEJozcoftju+KduaqkVfwyTIE0traBiVye09QnyWKLZK7drRr5h9B7sPJITmQnS3U6YOdQg==}
    peerDependencies:
      date-fns: '>=2.0.0-alpha.13'
    dependencies:
      date-fns: 2.25.0
    dev: true

  /date-fns@2.25.0:
    resolution: {integrity: sha512-ovYRFnTrbGPD4nqaEqescPEv1mNwvt+UTqI3Ay9SzNtey9NZnYu6E2qCcBBgJ6/2VF1zGGygpyTDITqpQQ5e+w==}
    engines: {node: '>=0.11'}
    dev: true

  /diff-sequences@26.6.2:
    resolution: {integrity: sha512-Mv/TDa3nZ9sbc5soK+OoA74BsS3mL37yixCvUAQkiuA4Wz6YtwP/K47n2rv2ovzHZvoiQeA5FTQOschKkEwB0Q==}
    engines: {node: '>= 10.14.2'}
    dev: true

  /doctypes@1.1.0:
    resolution: {integrity: sha1-6oCxBqh1OHdOijpKWv4pPeSJ4Kk=}
    dev: true

  /dom-serializer@1.3.2:
    resolution: {integrity: sha512-5c54Bk5Dw4qAxNOI1pFEizPSjVsx5+bpJKmL2kPn8JhBUq2q09tTCa3mjijun2NfK78NMouDYNMBkOrPZiS+ig==}
    dependencies:
      domelementtype: 2.2.0
      domhandler: 4.2.2
      entities: 2.2.0
    dev: true

  /domelementtype@2.2.0:
    resolution: {integrity: sha512-DtBMo82pv1dFtUmHyr48beiuq792Sxohr+8Hm9zoxklYPfa6n0Z3Byjj2IV7bmr2IyqClnqEQhfgHJJ5QF0R5A==}
    dev: true

  /domhandler@4.2.2:
    resolution: {integrity: sha512-PzE9aBMsdZO8TK4BnuJwH0QT41wgMbRzuZrHUcpYncEjmQazq8QEaBWgLG7ZyC/DAZKEgglpIA6j4Qn/HmxS3w==}
    engines: {node: '>= 4'}
    dependencies:
      domelementtype: 2.2.0
    dev: true

  /domutils@2.8.0:
    resolution: {integrity: sha512-w96Cjofp72M5IIhpjgobBimYEfoPjx1Vx0BSX9P30WBdZW2WIKU0T1Bd0kz2eNZ9ikjKgHbEyKx8BB6H1L3h3A==}
    dependencies:
      dom-serializer: 1.3.2
      domelementtype: 2.2.0
      domhandler: 4.2.2
    dev: true

  /emmet@2.3.4:
    resolution: {integrity: sha512-3IqSwmO+N2ZGeuhDyhV/TIOJFUbkChi53bcasSNRE7Yd+4eorbbYz4e53TpMECt38NtYkZNupQCZRlwdAYA42A==}
    dependencies:
      '@emmetio/abbreviation': 2.2.2
      '@emmetio/css-abbreviation': 2.1.4
    dev: true

  /entities@2.2.0:
    resolution: {integrity: sha512-p92if5Nz619I0w+akJrLZH0MX0Pb5DX39XOwQTtXSdQQOaYH03S1uIQp4mhOZtAXrxq4ViO67YTiLBo2638o9A==}
    dev: true

  /esbuild-android-arm64@0.13.4:
    resolution: {integrity: sha512-elDJt+jNyoHFId0/dKsuVYUPke3EcquIyUwzJCH17a3ERglN3A9aMBI5zbz+xNZ+FbaDNdpn0RaJHCFLbZX+fA==}
    cpu: [arm64]
    os: [android]
    requiresBuild: true
    dev: true
    optional: true

  /esbuild-darwin-64@0.13.4:
    resolution: {integrity: sha512-zJQGyHRAdZUXlRzbN7W+7ykmEiGC+bq3Gc4GxKYjjWTgDRSEly98ym+vRNkDjXwXYD3gGzSwvH35+MiHAtWvLA==}
    cpu: [x64]
    os: [darwin]
    requiresBuild: true
    dev: true
    optional: true

  /esbuild-darwin-arm64@0.13.4:
    resolution: {integrity: sha512-r8oYvAtqSGq8HNTZCAx4TdLE7jZiGhX9ooGi5AQAey37MA6XNaP8ZNlw9OCpcgpx3ryU2WctXwIqPzkHO7a8dg==}
    cpu: [arm64]
    os: [darwin]
    requiresBuild: true
    dev: true
    optional: true

  /esbuild-freebsd-64@0.13.4:
    resolution: {integrity: sha512-u9DRGkn09EN8+lCh6z7FKle7awi17PJRBuAKdRNgSo5ZrH/3m+mYaJK2PR2URHMpAfXiwJX341z231tSdVe3Yw==}
    cpu: [x64]
    os: [freebsd]
    requiresBuild: true
    dev: true
    optional: true

  /esbuild-freebsd-arm64@0.13.4:
    resolution: {integrity: sha512-q3B2k68Uf6gfjATjcK16DqxvjqRQkHL8aPoOfj4op+lSqegdXvBacB1d8jw8PxbWJ8JHpdTLdAVUYU80kotQXA==}
    cpu: [arm64]
    os: [freebsd]
    requiresBuild: true
    dev: true
    optional: true

  /esbuild-linux-32@0.13.4:
    resolution: {integrity: sha512-UUYJPHSiKAO8KoN3Ls/iZtgDLZvK5HarES96aolDPWZnq9FLx4dIHM/x2z4Rxv9IYqQ/DxlPoE2Co1UPBIYYeA==}
    cpu: [ia32]
    os: [linux]
    requiresBuild: true
    dev: true
    optional: true

  /esbuild-linux-64@0.13.4:
    resolution: {integrity: sha512-+RnohAKiiUW4UHLGRkNR1AnENW1gCuDWuygEtd4jxTNPIoeC7lbXGor7rtgjj9AdUzFgOEvAXyNNX01kJ8NueQ==}
    cpu: [x64]
    os: [linux]
    requiresBuild: true
    dev: true
    optional: true

  /esbuild-linux-arm64@0.13.4:
    resolution: {integrity: sha512-+A188cAdd6QuSRxMIwRrWLjgphQA0LDAQ/ECVlrPVJwnx+1i64NjDZivoqPYLOTkSPIKntiWwMhhf0U5/RrPHQ==}
    cpu: [arm64]
    os: [linux]
    requiresBuild: true
    dev: true
    optional: true

  /esbuild-linux-arm@0.13.4:
    resolution: {integrity: sha512-BH5gKve4jglS7UPSsfwHSX79I5agC/lm4eKoRUEyo8lwQs89frQSRp2Xup+6SFQnxt3md5EsKcd2Dbkqeb3gPA==}
    cpu: [arm]
    os: [linux]
    requiresBuild: true
    dev: true
    optional: true

  /esbuild-linux-mips64le@0.13.4:
    resolution: {integrity: sha512-0xkwtPaUkG5xMTFGaQPe1AadSe5QAiQuD4Gix1O9k5Xo/U8xGIkw9UFUTvfEUeu71vFb6ZgsIacfP1NLoFjWNw==}
    cpu: [mips64el]
    os: [linux]
    requiresBuild: true
    dev: true
    optional: true

  /esbuild-linux-ppc64le@0.13.4:
    resolution: {integrity: sha512-E1+oJPP7A+j23GPo3CEpBhGwG1bni4B8IbTA3/3rvzjURwUMZdcN3Fhrz24rnjzdLSHmULtOE4VsbT42h1Om4Q==}
    cpu: [ppc64]
    os: [linux]
    requiresBuild: true
    dev: true
    optional: true

  /esbuild-openbsd-64@0.13.4:
    resolution: {integrity: sha512-xEkI1o5HYxDzbv9jSox0EsDxpwraG09SRiKKv0W8pH6O3bt+zPSlnoK7+I7Q69tkvONkpIq5n2o+c55uq0X7cw==}
    cpu: [x64]
    os: [openbsd]
    requiresBuild: true
    dev: true
    optional: true

  /esbuild-sunos-64@0.13.4:
    resolution: {integrity: sha512-bjXUMcODMnB6hQicLBBmmnBl7OMDyVpFahKvHGXJfDChIi5udiIRKCmFUFIRn+AUAKVlfrofRKdyPC7kBsbvGQ==}
    cpu: [x64]
    os: [sunos]
    requiresBuild: true
    dev: true
    optional: true

  /esbuild-windows-32@0.13.4:
    resolution: {integrity: sha512-z4CH07pfyVY0XF98TCsGmLxKCl0kyvshKDbdpTekW9f2d+dJqn5mmoUyWhpSVJ0SfYWJg86FoD9nMbbaMVyGdg==}
    cpu: [ia32]
    os: [win32]
    requiresBuild: true
    dev: true
    optional: true

  /esbuild-windows-64@0.13.4:
    resolution: {integrity: sha512-uVL11vORRPjocGLYam67rwFLd0LvkrHEs+JG+1oJN4UD9MQmNGZPa4gBHo6hDpF+kqRJ9kXgQSeDqUyRy0tj/Q==}
    cpu: [x64]
    os: [win32]
    requiresBuild: true
    dev: true
    optional: true

  /esbuild-windows-arm64@0.13.4:
    resolution: {integrity: sha512-vA6GLvptgftRcDcWngD5cMlL4f4LbL8JjU2UMT9yJ0MT5ra6hdZNFWnOeOoEtY4GtJ6OjZ0i+81sTqhAB0fMkg==}
    cpu: [arm64]
    os: [win32]
    requiresBuild: true
    dev: true
    optional: true

  /esbuild@0.13.4:
    resolution: {integrity: sha512-wMA5eUwpavTBiNl+It6j8OQuKVh69l6z4DKDLzoTIqC+gChnPpcmqdA8WNHptUHRnfyML+mKEQPlW7Mybj8gHg==}
    hasBin: true
    requiresBuild: true
    optionalDependencies:
      esbuild-android-arm64: 0.13.4
      esbuild-darwin-64: 0.13.4
      esbuild-darwin-arm64: 0.13.4
      esbuild-freebsd-64: 0.13.4
      esbuild-freebsd-arm64: 0.13.4
      esbuild-linux-32: 0.13.4
      esbuild-linux-64: 0.13.4
      esbuild-linux-arm: 0.13.4
      esbuild-linux-arm64: 0.13.4
      esbuild-linux-mips64le: 0.13.4
      esbuild-linux-ppc64le: 0.13.4
      esbuild-openbsd-64: 0.13.4
      esbuild-sunos-64: 0.13.4
      esbuild-windows-32: 0.13.4
      esbuild-windows-64: 0.13.4
      esbuild-windows-arm64: 0.13.4
    dev: true

  /estree-walker@2.0.2:
    resolution: {integrity: sha512-Rfkk/Mp/DL7JVje3u18FxFujQlTNR2q6QfMSMB7AvCBx91NGj/ba3kCfza0f6dVDbw7YlRf/nDrn7pQrCCyQ/w==}

  /evtd@0.2.2:
    resolution: {integrity: sha512-YRUY9BHnnOmeeaOOLlIfUEp3itg4oFEd+uWPGMs0m4WUJaGcEgxFx8PLRRQaaDKvN2B+19lYzhATILGfXuprnA==}
    dev: true

  /fsevents@2.3.2:
    resolution: {integrity: sha512-xiqMQR4xAeHTuB9uWm+fFRcIOgKBMiOBP+eXiyT7jsgVCq1bkVygt00oASowB7EdtpOHaaPgKt812P9ab+DDKA==}
    engines: {node: ^8.16.0 || ^10.6.0 || >=11.0.0}
    os: [darwin]
    requiresBuild: true
    dev: true
    optional: true

  /function-bind@1.1.1:
    resolution: {integrity: sha512-yIovAzMX49sF8Yl58fSCWJ5svSLuaibPxXQJFLmBObTuCr0Mf1KiPopGM9NiFjiYBCbfaa2Fh6breQ6ANVTI0A==}
    dev: true

  /get-intrinsic@1.1.1:
    resolution: {integrity: sha512-kWZrnVM42QCiEA2Ig1bG8zjoIMOgxWwYCEeNdwY6Tv/cOSeGpcoX4pXHfKUxNKVoArnrEr2e9srnAxxGIraS9Q==}
    dependencies:
      function-bind: 1.1.1
      has: 1.0.3
      has-symbols: 1.0.2
    dev: true

  /has-flag@4.0.0:
    resolution: {integrity: sha512-EykJT/Q1KjTWctppgIAgfSO0tKVuZUjhgMr17kqTumMl6Afv3EISleU7qZUzoXDFTAHTDC4NOoG/ZxU3EvlMPQ==}
    engines: {node: '>=8'}
    dev: true

  /has-symbols@1.0.2:
    resolution: {integrity: sha512-chXa79rL/UC2KlX17jo3vRGz0azaWEx5tGqZg5pO3NUyEJVB17dMruQlzCCOfUvElghKcm5194+BCRvi2Rv/Gw==}
    engines: {node: '>= 0.4'}
    dev: true

  /has-tostringtag@1.0.0:
    resolution: {integrity: sha512-kFjcSNhnlGV1kyoGk7OXKSawH5JOb/LzUc5w9B02hOTO0dfFRjbHQKvg1d6cf3HbeUmtU9VbbV3qzZ2Teh97WQ==}
    engines: {node: '>= 0.4'}
    dependencies:
      has-symbols: 1.0.2
    dev: true

  /has@1.0.3:
    resolution: {integrity: sha512-f2dvO0VU6Oej7RkWJGrehjbzMAjFp5/VKPp5tTpWIV4JHHZK1/BxbFRtf/siA2SWTe09caDmVtYYzWEIbBS4zw==}
    engines: {node: '>= 0.4.0'}
    dependencies:
      function-bind: 1.1.1
    dev: true

  /highlight.js@11.2.0:
    resolution: {integrity: sha512-JOySjtOEcyG8s4MLR2MNbLUyaXqUunmSnL2kdV/KuGJOmHZuAR5xC54Ko7goAXBWNhf09Vy3B+U7vR62UZ/0iw==}
    engines: {node: '>=12.0.0'}
    dev: true

  /htmlparser2@6.1.0:
    resolution: {integrity: sha512-gyyPk6rgonLFEDGoeRgQNaEUvdJ4ktTmmUh/h2t7s+M8oPpIPxgNACWa+6ESR57kXstwqPiCut0V8NRpcwgU7A==}
    dependencies:
      domelementtype: 2.2.0
      domhandler: 4.2.2
      domutils: 2.8.0
      entities: 2.2.0
    dev: true

  /is-core-module@2.7.0:
    resolution: {integrity: sha512-ByY+tjCciCr+9nLryBYcSD50EOGWt95c7tIsKTG1J2ixKKXPvF7Ej3AVd+UfDydAJom3biBGDBALaO79ktwgEQ==}
    dependencies:
      has: 1.0.3
    dev: true

  /is-expression@4.0.0:
    resolution: {integrity: sha512-zMIXX63sxzG3XrkHkrAPvm/OVZVSCPNkwMHU8oTX7/U3AL78I0QXCEICXUM13BIa8TYGZ68PiTKfQz3yaTNr4A==}
    dependencies:
      acorn: 7.4.1
      object-assign: 4.1.1
    dev: true

  /is-promise@2.2.2:
    resolution: {integrity: sha512-+lP4/6lKUBfQjZ2pdxThZvLUAafmZb8OAxFb8XXtiQmS35INgr85hdOGoEs124ez1FCnZJt6jau/T+alh58QFQ==}
    dev: true

  /is-regex@1.1.4:
    resolution: {integrity: sha512-kvRdxDsxZjhzUX07ZnLydzS1TU/TJlTUHHY4YLL87e37oUA49DfkLqgy+VjFocowy29cKvcSiu+kIv728jTTVg==}
    engines: {node: '>= 0.4'}
    dependencies:
      call-bind: 1.0.2
      has-tostringtag: 1.0.0
    dev: true

  /jest-diff@26.6.2:
    resolution: {integrity: sha512-6m+9Z3Gv9wN0WFVasqjCL/06+EFCMTqDEUl/b87HYK2rAPTyfz4ZIuSlPhY51PIQRWx5TaxeF1qmXKe9gfN3sA==}
    engines: {node: '>= 10.14.2'}
    dependencies:
      chalk: 4.1.2
      diff-sequences: 26.6.2
      jest-get-type: 26.3.0
      pretty-format: 26.6.2
    dev: true

  /jest-get-type@26.3.0:
    resolution: {integrity: sha512-TpfaviN1R2pQWkIihlfEanwOXK0zcxrKEE4MlU6Tn7keoXdN6/3gK/xl0yEh8DOunn5pOVGKf8hB4R9gVh04ig==}
    engines: {node: '>= 10.14.2'}
    dev: true

  /js-stringify@1.0.2:
    resolution: {integrity: sha1-Fzb939lyTyijaCrcYjCufk6Weds=}
    dev: true

  /jsonc-parser@2.3.1:
    resolution: {integrity: sha512-H8jvkz1O50L3dMZCsLqiuB2tA7muqbSg1AtGEkN0leAqGjsUzDJir3Zwr02BhqdcITPg3ei3mZ+HjMocAknhhg==}
    dev: true

  /jsonc-parser@3.0.0:
    resolution: {integrity: sha512-fQzRfAbIBnR0IQvftw9FJveWiHp72Fg20giDrHz6TdfB12UH/uue0D3hm57UB5KgAVuniLMCaS8P1IMj9NR7cA==}
    dev: true

  /jstransformer@1.0.0:
    resolution: {integrity: sha1-7Yvwkh4vPx7U1cGkT2hwntJHIsM=}
    dependencies:
      is-promise: 2.2.2
      promise: 7.3.1
    dev: true

  /lodash-es@4.17.21:
    resolution: {integrity: sha512-mKnC+QJ9pWVzv+C4/U3rRsHapFfHvQFoFB92e52xeyGMcX6/OlIl78je1u8vePzYZSkkogMPJ2yjxxsb89cxyw==}
    dev: true

  /lodash@4.17.21:
    resolution: {integrity: sha512-v2kDEe57lecTulaDIuNTPy3Ry4gLGJ6Z1O3vE1krgXZNrsQ+LFTGHVxVjcXPs17LhbZVGedAJv8XZ1tvj5FvSg==}

  /lru-cache@6.0.0:
    resolution: {integrity: sha512-Jo6dJ04CmSjuznwJSS3pUeWmd/H0ffTlkXXgwZi+eq1UCmqQwCh+eLsYOYCwY991i2Fah4h1BEMCx4qThGbsiA==}
    engines: {node: '>=10'}
    dependencies:
      yallist: 4.0.0
    dev: true

  /magic-string@0.25.7:
    resolution: {integrity: sha512-4CrMT5DOHTDk4HYDlzmwu4FVCcIYI8gauveasrdCu2IKIFOJ3f0v/8MDGJCDL9oD2ppz/Av1b0Nj345H9M+XIA==}
    dependencies:
      sourcemap-codec: 1.4.8

  /naive-ui@2.19.5(vue@3.2.20):
    resolution: {integrity: sha512-tEujB4xnkbQJ36+ZB3R+q0QHsgIbIPaP2E2xCD+lwOd0YdB3PcTgrWQTGqKUAa9ZP8gVVUwg1arRta98HqpGJg==}
    peerDependencies:
      vue: ^3.0.0
    dependencies:
      '@css-render/plugin-bem': 0.15.6
      '@css-render/vue3-ssr': 0.15.6(vue@3.2.20)
      '@types/lodash': 4.14.197
      '@types/lodash-es': 4.17.5
      async-validator: 4.0.3
      css-render: 0.15.6
      date-fns: 2.25.0
      date-fns-tz: 1.1.6(date-fns@2.25.0)
      evtd: 0.2.2
      highlight.js: 11.2.0
      lodash: 4.17.21
      lodash-es: 4.17.21
      seemly: 0.3.2
      treemate: 0.3.8
      vdirs: 0.1.4(vue@3.2.20)
      vfonts: 0.1.0
      vooks: 0.2.9(vue@3.2.20)
      vue: 3.2.20
      vueuc: 0.4.13(@css-render/vue3-ssr@0.15.6)(vue@3.2.20)
    dev: true

  /nanoid@3.1.29:
    resolution: {integrity: sha512-dW2pUSGZ8ZnCFIlBIA31SV8huOGCHb6OwzVCc7A69rb/a+SgPBwfmLvK5TKQ3INPbRkcI8a/Owo0XbiTNH19wg==}
    engines: {node: ^10 || ^12 || ^13.7 || ^14 || >=15.0.1}
    hasBin: true

  /object-assign@4.1.1:
    resolution: {integrity: sha1-IQmtx5ZYh8/AXLvUQsrIv7s2CGM=}
    engines: {node: '>=0.10.0'}
    dev: true

  /path-parse@1.0.7:
    resolution: {integrity: sha512-LDJzPVEEEPR+y48z93A0Ed0yXb8pAByGWo/k5YYdYgpY2/2EsOsksJrq7lOHxryrVOn1ejG6oAp8ahvOIQD8sw==}
    dev: true

  /picocolors@0.2.1:
    resolution: {integrity: sha512-cMlDqaLEqfSaW8Z7N5Jw+lyIW869EzT73/F5lhtY9cLGoVxSXznfgfXMO0Z5K0o0Q2TkTXq+0KFsdnSe3jDViA==}

  /postcss@8.3.9:
    resolution: {integrity: sha512-f/ZFyAKh9Dnqytx5X62jgjhhzttjZS7hMsohcI7HEI5tjELX/HxCy3EFhsRxyzGvrzFF+82XPvCS8T9TFleVJw==}
    engines: {node: ^10 || ^12 || >=14}
    dependencies:
      nanoid: 3.1.29
      picocolors: 0.2.1
      source-map-js: 0.6.2

  /pretty-format@26.6.2:
    resolution: {integrity: sha512-7AeGuCYNGmycyQbCqd/3PWH4eOoX/OiCa0uphp57NVTeAGdJGaAliecxwBDHYQCIvrW7aDBZCYeNTP/WX69mkg==}
    engines: {node: '>= 10'}
    dependencies:
      '@jest/types': 26.6.2
      ansi-regex: 5.0.1
      ansi-styles: 4.3.0
      react-is: 17.0.2
    dev: true

  /promise@7.3.1:
    resolution: {integrity: sha512-nolQXZ/4L+bP/UGlkfaIujX9BKxGwmQ9OT4mOt5yvy8iK1h3wqTEJCijzGANTCCl9nWjY41juyAn2K3Q1hLLTg==}
    dependencies:
      asap: 2.0.6
    dev: true

  /pug-attrs@3.0.0:
    resolution: {integrity: sha512-azINV9dUtzPMFQktvTXciNAfAuVh/L/JCl0vtPCwvOA21uZrC08K/UnmrL+SXGEVc1FwzjW62+xw5S/uaLj6cA==}
    dependencies:
      constantinople: 4.0.1
      js-stringify: 1.0.2
      pug-runtime: 3.0.1
    dev: true

  /pug-code-gen@3.0.2:
    resolution: {integrity: sha512-nJMhW16MbiGRiyR4miDTQMRWDgKplnHyeLvioEJYbk1RsPI3FuA3saEP8uwnTb2nTJEKBU90NFVWJBk4OU5qyg==}
    dependencies:
      constantinople: 4.0.1
      doctypes: 1.1.0
      js-stringify: 1.0.2
      pug-attrs: 3.0.0
      pug-error: 2.0.0
      pug-runtime: 3.0.1
      void-elements: 3.1.0
      with: 7.0.2
    dev: true

  /pug-error@2.0.0:
    resolution: {integrity: sha512-sjiUsi9M4RAGHktC1drQfCr5C5eriu24Lfbt4s+7SykztEOwVZtbFk1RRq0tzLxcMxMYTBR+zMQaG07J/btayQ==}
    dev: true

  /pug-filters@4.0.0:
    resolution: {integrity: sha512-yeNFtq5Yxmfz0f9z2rMXGw/8/4i1cCFecw/Q7+D0V2DdtII5UvqE12VaZ2AY7ri6o5RNXiweGH79OCq+2RQU4A==}
    dependencies:
      constantinople: 4.0.1
      jstransformer: 1.0.0
      pug-error: 2.0.0
      pug-walk: 2.0.0
      resolve: 1.20.0
    dev: true

  /pug-lexer@5.0.1:
    resolution: {integrity: sha512-0I6C62+keXlZPZkOJeVam9aBLVP2EnbeDw3An+k0/QlqdwH6rv8284nko14Na7c0TtqtogfWXcRoFE4O4Ff20w==}
    dependencies:
      character-parser: 2.2.0
      is-expression: 4.0.0
      pug-error: 2.0.0
    dev: true

  /pug-linker@4.0.0:
    resolution: {integrity: sha512-gjD1yzp0yxbQqnzBAdlhbgoJL5qIFJw78juN1NpTLt/mfPJ5VgC4BvkoD3G23qKzJtIIXBbcCt6FioLSFLOHdw==}
    dependencies:
      pug-error: 2.0.0
      pug-walk: 2.0.0
    dev: true

  /pug-load@3.0.0:
    resolution: {integrity: sha512-OCjTEnhLWZBvS4zni/WUMjH2YSUosnsmjGBB1An7CsKQarYSWQ0GCVyd4eQPMFJqZ8w9xgs01QdiZXKVjk92EQ==}
    dependencies:
      object-assign: 4.1.1
      pug-walk: 2.0.0
    dev: true

  /pug-parser@6.0.0:
    resolution: {integrity: sha512-ukiYM/9cH6Cml+AOl5kETtM9NR3WulyVP2y4HOU45DyMim1IeP/OOiyEWRr6qk5I5klpsBnbuHpwKmTx6WURnw==}
    dependencies:
      pug-error: 2.0.0
      token-stream: 1.0.0
    dev: true

  /pug-runtime@3.0.1:
    resolution: {integrity: sha512-L50zbvrQ35TkpHwv0G6aLSuueDRwc/97XdY8kL3tOT0FmhgG7UypU3VztfV/LATAvmUfYi4wNxSajhSAeNN+Kg==}
    dev: true

  /pug-strip-comments@2.0.0:
    resolution: {integrity: sha512-zo8DsDpH7eTkPHCXFeAk1xZXJbyoTfdPlNR0bK7rpOMuhBYb0f5qUVCO1xlsitYd3w5FQTK7zpNVKb3rZoUrrQ==}
    dependencies:
      pug-error: 2.0.0
    dev: true

  /pug-walk@2.0.0:
    resolution: {integrity: sha512-yYELe9Q5q9IQhuvqsZNwA5hfPkMJ8u92bQLIMcsMxf/VADjNtEYptU+inlufAFYcWdHlwNfZOEnOOQrZrcyJCQ==}
    dev: true

  /pug@3.0.2:
    resolution: {integrity: sha512-bp0I/hiK1D1vChHh6EfDxtndHji55XP/ZJKwsRqrz6lRia6ZC2OZbdAymlxdVFwd1L70ebrVJw4/eZ79skrIaw==}
    dependencies:
      pug-code-gen: 3.0.2
      pug-filters: 4.0.0
      pug-lexer: 5.0.1
      pug-linker: 4.0.0
      pug-load: 3.0.0
      pug-parser: 6.0.0
      pug-runtime: 3.0.1
      pug-strip-comments: 2.0.0
    dev: true

  /react-is@17.0.2:
    resolution: {integrity: sha512-w2GsyukL62IJnlaff/nRegPQR94C/XXamvMWmSHRJ4y7Ts/4ocGRmTHvOs8PSE6pB3dWOrD/nueuU5sduBsQ4w==}
    dev: true

  /request-light@0.5.4:
    resolution: {integrity: sha512-t3566CMweOFlUk7Y1DJMu5OrtpoZEb6aSTsLQVT3wtrIEJ5NhcY9G/Oqxvjllzl4a15zXfFlcr9q40LbLVQJqw==}
    dev: true

  /resize-observer-polyfill@1.5.1:
    resolution: {integrity: sha512-LwZrotdHOo12nQuZlHEmtuXdqGoOD0OhaxopaNFxWzInpEgaLWoVuAMbTzixuosCx2nEG58ngzW3vxdWoxIgdg==}
    dev: true

  /resolve@1.20.0:
    resolution: {integrity: sha512-wENBPt4ySzg4ybFQW2TT1zMQucPK95HSh/nq2CFTZVOGut2+pQvSsgtda4d26YrYcr067wjbmzOG8byDPBX63A==}
    dependencies:
      is-core-module: 2.7.0
      path-parse: 1.0.7
    dev: true

  /rollup@2.58.0:
    resolution: {integrity: sha512-NOXpusKnaRpbS7ZVSzcEXqxcLDOagN6iFS8p45RkoiMqPHDLwJm758UF05KlMoCRbLBTZsPOIa887gZJ1AiXvw==}
    engines: {node: '>=10.0.0'}
    hasBin: true
    optionalDependencies:
      fsevents: 2.3.2
    dev: true

  /seemly@0.3.2:
    resolution: {integrity: sha512-xEDcywG5NmDhvHqt1bZlxCnoagfWOLwM5AObg8TiNcZPnTJwusa7eVm+/iRU9LhxLBDS14/yJFSMhhd3+RWUFQ==}
    dependencies:
      '@types/jest': 26.0.24
    dev: true

  /semver@7.3.5:
    resolution: {integrity: sha512-PoeGJYh8HK4BTO/a9Tf6ZG3veo/A7ZVsYrSA6J8ny9nb3B1VrpkuN+z9OE5wfE5p6H4LchYZsegiQgbJD94ZFQ==}
    engines: {node: '>=10'}
    hasBin: true
    dependencies:
      lru-cache: 6.0.0
    dev: true

  /siyuan_api_cache_lib@1.0.7:
    resolution: {integrity: sha512-Oe+sJrdoM/dz62shy9C8g7HhWQdGTOkV9gs+gXo6O0DRZCIsaKKkg7ARhU9w7rgFm9Gnlq0ZbauIaTTF9Ikbyg==}
    dev: false

  /source-map-js@0.6.2:
    resolution: {integrity: sha512-/3GptzWzu0+0MBQFrDKzw/DvvMTUORvgY6k6jd/VS6iCR4RDTKWH6v6WPwQoUO8667uQEf9Oe38DxAYWY5F/Ug==}
    engines: {node: '>=0.10.0'}

  /source-map@0.6.1:
    resolution: {integrity: sha512-UjgapumWlbMhkBgzT7Ykc5YXUT46F0iKu8SGXq0bcwP5dz/h0Plj6enJqjz1Zbq2l5WaqYnrVbwWOWMyF3F47g==}
    engines: {node: '>=0.10.0'}

  /sourcemap-codec@1.4.8:
    resolution: {integrity: sha512-9NykojV5Uih4lgo5So5dtw+f0JgJX30KCNI8gwhz2J9A15wD0Ml6tjHKwf6fTSa6fAdVBdZeNOs9eJ71qCk8vA==}

  /supports-color@7.2.0:
    resolution: {integrity: sha512-qpCAvRl9stuOHveKsn7HncJRvv501qIacKzQlO/+Lwxc9+0q2wLyv4Dfvt80/DPn2pqOBsJdDiogXGR9+OvwRw==}
    engines: {node: '>=8'}
    dependencies:
      has-flag: 4.0.0
    dev: true

  /to-fast-properties@2.0.0:
    resolution: {integrity: sha512-/OaKK0xYrs3DmxRYqL/yDc+FxFUVYhDlXMhRmv3z915w2HF1tnN1omB354j8VUGO/hbRzyD6Y3sA7v7GS/ceog==}
    engines: {node: '>=4'}

  /token-stream@1.0.0:
    resolution: {integrity: sha1-zCAOqyYT9BZtJ/+a/HylbUnfbrQ=}
    dev: true

  /treemate@0.3.8:
    resolution: {integrity: sha512-wv9lBoPaeWsOgBSX09cpDi1HcO/A3aNfY+Qhvu8JnOSvVfSTmcXMKGrg9g8oTgWA8YLVqq+wt8p+eQvAhqKqlQ==}
    dev: true

  /typescript@4.4.3:
    resolution: {integrity: sha512-4xfscpisVgqqDfPaJo5vkd+Qd/ItkoagnHpufr+i2QCHBsNYp+G7UAoyFl8aPtx879u38wPV65rZ8qbGZijalA==}
    engines: {node: '>=4.2.0'}
    hasBin: true
    dev: true

  /upath@2.0.1:
    resolution: {integrity: sha512-1uEe95xksV1O0CYKXo8vQvN1JEbtJp7lb7C5U9HMsIp6IVwntkH/oNUzyVNQSd4S1sYk2FpSSW44FqMc8qee5w==}
    engines: {node: '>=4'}
    dev: true

  /vdirs@0.1.4(vue@3.2.20):
    resolution: {integrity: sha512-g2wJgE8hj/ruqEnGFEXFVC8IR4kRaPDr7Cl+SSy+A8kmNr47rL1l+0wMi51amlrTL6eQsRk+wcl4bjjfPXNzZQ==}
    peerDependencies:
      vue: ^3.0.11
    dependencies:
      '@types/node': 14.17.21
      evtd: 0.2.2
      vue: 3.2.20
    dev: true

  /vfonts@0.1.0:
    resolution: {integrity: sha512-vQBcvntBlnAPonAkGNM8iJ9NxE3PucA+V2W95xiN75YJKxirLJvOws2kEyOEO45T4N+YTbQOCR2m77Y05pfVhQ==}
    dev: true

  /vite@2.6.5:
    resolution: {integrity: sha512-vavXMChDUb4Oh4YunrK9BrH5Ox74cu0eOp0VuyI/iqFz1FqbWD72So2c9I87lLL2n0+6tFPV5ijow60KrtxuZg==}
    engines: {node: '>=12.2.0'}
    hasBin: true
    peerDependencies:
      less: '*'
      sass: '*'
      stylus: '*'
    peerDependenciesMeta:
      less:
        optional: true
      sass:
        optional: true
      stylus:
        optional: true
    dependencies:
      esbuild: 0.13.4
      postcss: 8.3.9
      resolve: 1.20.0
      rollup: 2.58.0
    optionalDependencies:
      fsevents: 2.3.2
    dev: true

  /void-elements@3.1.0:
    resolution: {integrity: sha1-YU9/v42AHwu18GYfWy9XhXUOTwk=}
    engines: {node: '>=0.10.0'}
    dev: true

  /vooks@0.2.9(vue@3.2.20):
    resolution: {integrity: sha512-7BoYsFuo97/EV8LsssytLIlVVuwZScBQPUy0BqHzp8ap0peAlQTOwyGTWmyOWHSHPvF7Ed3ylNfJhvNDoc0ZvA==}
    peerDependencies:
      vue: ^3.0.0
    dependencies:
      evtd: 0.2.2
      vue: 3.2.20
    dev: true

  /vscode-css-languageservice@5.1.7:
    resolution: {integrity: sha512-h4oafcZaGFe2VtbNIlkZDmLEP0GQha3E5Ct2YMH4p/p9xYC8yWDNQ5CD+VF3UnSijKPSKmA+oc4cKjhJBowGKw==}
    dependencies:
      vscode-languageserver-textdocument: 1.0.2
      vscode-languageserver-types: 3.16.0
      vscode-nls: 5.0.0
      vscode-uri: 3.0.2
    dev: true

  /vscode-html-languageservice@4.1.0:
    resolution: {integrity: sha512-QQrEKfpfbeglD8Jcai4fQDQ7vOJrN6LyiOs47Y6qAxnhve+ervw1kP2UCt9ohHe/6teNWJDYTGxLDgs5iAvitw==}
    dependencies:
      vscode-languageserver-textdocument: 1.0.2
      vscode-languageserver-types: 3.16.0
      vscode-nls: 5.0.0
      vscode-uri: 3.0.2
    dev: true

  /vscode-json-languageservice@4.1.8:
    resolution: {integrity: sha512-0vSpg6Xd9hfV+eZAaYN63xVVMOTmJ4GgHxXnkLCh+9RsQBkWKIghzLhW2B9ebfG+LQQg8uLtsQ2aUKjTgE+QOg==}
    engines: {npm: '>=7.0.0'}
    dependencies:
      jsonc-parser: 3.0.0
      vscode-languageserver-textdocument: 1.0.2
      vscode-languageserver-types: 3.16.0
      vscode-nls: 5.0.0
      vscode-uri: 3.0.2
    dev: true

  /vscode-jsonrpc@8.0.0-next.3:
    resolution: {integrity: sha512-2wRiBR5tZAXZ4UxIO4F0cT/zN6OpruoWO0vc7EpQZxVfumb0pYiSegB+PaOzXCuFQzh7YEshW/XMg4zTz3FGVQ==}
    engines: {node: '>=8.0.0 || >=10.0.0'}
    dev: true

  /vscode-languageserver-protocol@3.17.0-next.9:
    resolution: {integrity: sha512-DGkRmbI1hRBMY6HU6MOyza5AvYp0+HcbMf2qdmI98luyQJ26dOfHY5K38OS4hlTHhdJg9RypTQ/uBbLZehmn1Q==}
    dependencies:
      vscode-jsonrpc: 8.0.0-next.3
      vscode-languageserver-types: 3.17.0-next.4
    dev: true

  /vscode-languageserver-textdocument@1.0.2:
    resolution: {integrity: sha512-T7uPC18+f8mYE4lbVZwb3OSmvwTZm3cuFhrdx9Bn2l11lmp3SvSuSVjy2JtvrghzjAo4G6Trqny2m9XGnFnWVA==}
    dev: true

  /vscode-languageserver-types@3.16.0:
    resolution: {integrity: sha512-k8luDIWJWyenLc5ToFQQMaSrqCHiLwyKPHKPQZ5zz21vM+vIVUSvsRpcbiECH4WR88K2XZqc4ScRcZ7nk/jbeA==}
    dev: true

  /vscode-languageserver-types@3.17.0-next.4:
    resolution: {integrity: sha512-MraVkZDhfqa3ftnKW9rEDeqsV+ji8OrtEjx6mVjzVGm5U2XXT+mdqDWyQ+y0Gvb2/aa2oJJQyTAaDmRTUKiUbg==}
    dev: true

  /vscode-languageserver@8.0.0-next.3:
    resolution: {integrity: sha512-uxL/tKUa/gRdvQINVmMnK32d6LwfTPTvF7l1iZIFDuAdhGrQ+Po+4lS3w4hwQSeUmapM1WMELXNBFca/u3H5Uw==}
    hasBin: true
    dependencies:
      vscode-languageserver-protocol: 3.17.0-next.9
    dev: true

  /vscode-nls@5.0.0:
    resolution: {integrity: sha512-u0Lw+IYlgbEJFF6/qAqG2d1jQmJl0eyAGJHoAJqr2HT4M2BNuQYSEiSE75f52pXHSJm8AlTjnLLbBFPrdz2hpA==}
    dev: true

  /vscode-pug-languageservice@0.27.24:
    resolution: {integrity: sha512-GSvsFB+rPhAD7cBlEKCVNNsFGIaOnp/0zyLw3WpYbXY24vJZafXu1kHvtYaaQXJRnIhqp5EI5p+EqpdI3hTBnw==}
    dependencies:
      '@volar/code-gen': 0.27.24
      '@volar/shared': 0.27.24
      '@volar/source-map': 0.27.24
      '@volar/transforms': 0.27.24
      pug-lexer: 5.0.1
      pug-parser: 6.0.0
      vscode-languageserver: 8.0.0-next.3
    dev: true

  /vscode-typescript-languageservice@0.27.25:
    resolution: {integrity: sha512-nxpJI9MnF2rn5rKL/032Qrsq3T9DgM3slK5fwZp3suNdo90JG2zFTs3Ola8n62k7+KWu4A775obxyb4wLIW6Gw==}
    dependencies:
      '@volar/shared': 0.27.24
      semver: 7.3.5
      upath: 2.0.1
      vscode-languageserver: 8.0.0-next.3
      vscode-languageserver-textdocument: 1.0.2
    dev: true

  /vscode-uri@2.1.2:
    resolution: {integrity: sha512-8TEXQxlldWAuIODdukIb+TR5s+9Ds40eSJrw+1iDDA9IFORPjMELarNQE3myz5XIkWWpdprmJjm1/SxMlWOC8A==}
    dev: true

  /vscode-uri@3.0.2:
    resolution: {integrity: sha512-jkjy6pjU1fxUvI51P+gCsxg1u2n8LSt0W6KrCNQceaziKzff74GoWmjVG46KieVzybO1sttPQmYfrwSHey7GUA==}
    dev: true

  /vscode-vue-languageservice@0.27.30:
    resolution: {integrity: sha512-nPnUNCMqqHfxcCPLyLWvmgbNCgos3SwvPcl/CzAnMbqcjLtNZppsdI7bKX3EEj0Jbg6SGLQ9NanIvZaMI1bsUA==}
    dependencies:
      '@volar/code-gen': 0.27.24
      '@volar/html2pug': 0.27.13
      '@volar/shared': 0.27.24
      '@volar/source-map': 0.27.24
      '@volar/transforms': 0.27.24
      '@vscode/emmet-helper': 2.8.1
      '@vue/compiler-dom': 3.2.20
      '@vue/reactivity': 3.2.20
      '@vue/shared': 3.2.20
      request-light: 0.5.4
      upath: 2.0.1
      vscode-css-languageservice: 5.1.7
      vscode-html-languageservice: 4.1.0
      vscode-json-languageservice: 4.1.8
      vscode-languageserver: 8.0.0-next.3
      vscode-languageserver-textdocument: 1.0.2
      vscode-pug-languageservice: 0.27.24
      vscode-typescript-languageservice: 0.27.25
    dev: true

  /vue-tsc@0.3.0(typescript@4.4.3):
    resolution: {integrity: sha512-zaDRZBxwRIz1XjhNP92FqugG71st6BUMnA2EwPeXrAyzbEYVRz6TezNFceYl3QYqqN8CtaxbqUhaQEDj/ntoCA==}
    hasBin: true
    peerDependencies:
      typescript: '*'
    dependencies:
      typescript: 4.4.3
      vscode-vue-languageservice: 0.27.30
    dev: true

  /vue@3.2.20:
    resolution: {integrity: sha512-81JjEP4OGk9oO8+CU0h2nFPGgJBm9mNa3kdCX2k6FuRdrWrC+CNe+tOnuIeTg8EWwQuI+wwdra5Q7vSzp7p4Iw==}
    dependencies:
      '@vue/compiler-dom': 3.2.20
      '@vue/compiler-sfc': 3.2.20
      '@vue/runtime-dom': 3.2.20
      '@vue/server-renderer': 3.2.20(vue@3.2.20)
      '@vue/shared': 3.2.20

  /vueuc@0.4.13(@css-render/vue3-ssr@0.15.6)(vue@3.2.20):
    resolution: {integrity: sha512-2QPhhczQH+flGLIYuwSOo6UbVyyS+hs6YcE2ODaWuSAffKSyysmFwaOuilq2dLNeTic1EmjpIGe7NvnWxbfumw==}
    peerDependencies:
      '@css-render/vue3-ssr': ^0.15.3
      vue: ^3.0.11
    dependencies:
      '@css-render/vue3-ssr': 0.15.6(vue@3.2.20)
      css-render: 0.15.6
      evtd: 0.2.2
      resize-observer-polyfill: 1.5.1
      seemly: 0.3.2
      vdirs: 0.1.4(vue@3.2.20)
      vooks: 0.2.9(vue@3.2.20)
      vue: 3.2.20
    dev: true

  /with@7.0.2:
    resolution: {integrity: sha512-RNGKj82nUPg3g5ygxkQl0R937xLyho1J24ItRCBTr/m1YnZkzJy1hUiHUJrc/VlsDQzsCnInEGSg3bci0Lmd4w==}
    engines: {node: '>= 10.0.0'}
    dependencies:
      '@babel/parser': 7.15.8
      '@babel/types': 7.15.6
      assert-never: 1.2.1
      babel-walk: 3.0.0-canary-5
    dev: true

  /yallist@4.0.0:
    resolution: {integrity: sha512-3wdGidZyq5PB084XLES5TpOSRA3wjXAlIWMhum2kRcv/41Sn2emQ0dycQW4uZXLejwKvg6EsvbdlVL+FYEct7A==}
    dev: true
